
Microsoft Visual Studio Solution File, Format Version 12.00
# Visual Studio 14
VisualStudioVersion = 14.0.25420.1
MinimumVisualStudioVersion = 10.0.40219.1
Project("{E24C65DC-7377-472B-9ABA-BC803B73C61A}") = "ChinookWeb", "ChinookWeb\", "{99561DB7-AF70-4621-8688-FFD826C05E99}"
	ProjectSection(WebsiteProperties) = preProject
		TargetFrameworkMoniker = ".NETFramework,Version%3Dv4.5.2"
		Debug.AspNetCompiler.VirtualPath = "/localhost_49899"
		Debug.AspNetCompiler.PhysicalPath = "ChinookWeb\"
		Debug.AspNetCompiler.TargetPath = "PrecompiledWeb\localhost_49899\"
		Debug.AspNetCompiler.Updateable = "true"
		Debug.AspNetCompiler.ForceOverwrite = "true"
		Debug.AspNetCompiler.FixedNames = "false"
		Debug.AspNetCompiler.Debug = "True"
		Release.AspNetCompiler.VirtualPath = "/localhost_49899"
		Release.AspNetCompiler.PhysicalPath = "ChinookWeb\"
		Release.AspNetCompiler.TargetPath = "PrecompiledWeb\localhost_49899\"
		Release.AspNetCompiler.Updateable = "true"
		Release.AspNetCompiler.ForceOverwrite = "true"
		Release.AspNetCompiler.FixedNames = "false"
		Release.AspNetCompiler.Debug = "False"
		VWDPort = "49899"
		SlnRelativePath = "ChinookWeb\"
		DefaultWebSiteLanguage = "Visual C#"
	EndProjectSection
EndProject
Project("{FAE04EC0-301F-11D3-BF4B-00C04F79EFBC}") = "ChinookSystem", "ChinookSystem\ChinookSystem.csproj", "{95A56DF6-CBE1-4CC8-8403-411424780F7B}"
EndProject
Project("{FAE04EC0-301F-11D3-BF4B-00C04F79EFBC}") = "ChinookSystem.Data", "ChinookSystem.Data\ChinookSystem.Data.csproj", "{966F0CCE-BF45-44C2-8BEF-71F02C06A1E8}"
EndProject
Global
	GlobalSection(SolutionConfigurationPlatforms) = preSolution
		Debug|Any CPU = Debug|Any CPU
		Release|Any CPU = Release|Any CPU
	EndGlobalSection
	GlobalSection(ProjectConfigurationPlatforms) = postSolution
		{99561DB7-AF70-4621-8688-FFD826C05E99}.Debug|Any CPU.ActiveCfg = Debug|Any CPU
		{99561DB7-AF70-4621-8688-FFD826C05E99}.Debug|Any CPU.Build.0 = Debug|Any CPU
		{99561DB7-AF70-4621-8688-FFD826C05E99}.Release|Any CPU.ActiveCfg = Debug|Any CPU
		{99561DB7-AF70-4621-8688-FFD826C05E99}.Release|Any CPU.Build.0 = Debug|Any CPU
		{95A56DF6-CBE1-4CC8-8403-411424780F7B}.Debug|Any CPU.ActiveCfg = Debug|Any CPU
		{95A56DF6-CBE1-4CC8-8403-411424780F7B}.Debug|Any CPU.Build.0 = Debug|Any CPU
		{95A56DF6-CBE1-4CC8-8403-411424780F7B}.Release|Any CPU.ActiveCfg = Release|Any CPU
		{95A56DF6-CBE1-4CC8-8403-411424780F7B}.Release|Any CPU.Build.0 = Release|Any CPU
		{966F0CCE-BF45-44C2-8BEF-71F02C06A1E8}.Debug|Any CPU.ActiveCfg = Debug|Any CPU
		{966F0CCE-BF45-44C2-8BEF-71F02C06A1E8}.Debug|Any CPU.Build.0 = Debug|Any CPU
		{966F0CCE-BF45-44C2-8BEF-71F02C06A1E8}.Release|Any CPU.ActiveCfg = Release|Any CPU
		{966F0CCE-BF45-44C2-8BEF-71F02C06A1E8}.Release|Any CPU.Build.0 = Release|Any CPU
	EndGlobalSection
	GlobalSection(SolutionProperties) = preSolution
		HideSolutionNode = FALSE
	EndGlobalSection
EndGlobal
